
Microsoft Visual Studio Solution File, Format Version 12.00
# Visual Studio Version 18
VisualStudioVersion = 18.0.11222.15
MinimumVisualStudioVersion = 10.0.40219.1
Project("{9A19103F-16F7-4668-BE54-9A1E7A4F7556}") = "Codebelt.Extensions.BenchmarkDotNet", "src\Codebelt.Extensions.BenchmarkDotNet\Codebelt.Extensions.BenchmarkDotNet.csproj", "{A9DFF36B-1AD4-40EC-9394-C720C3DC785A}"
EndProject
Project("{2150E333-8FDC-42A3-9474-1A3956D46DE8}") = "src", "src", "{0070E83B-2DDD-4537-A83F-1CF8644F2880}"
EndProject
Project("{2150E333-8FDC-42A3-9474-1A3956D46DE8}") = "test", "test", "{A3C56B2E-55EE-44EC-876E-B03B8DDA3317}"
EndProject
Project("{2150E333-8FDC-42A3-9474-1A3956D46DE8}") = "tooling", "tooling", "{0A82E699-D3C7-4BC0-8E25-AE5279633227}"
EndProject
Project("{FAE04EC0-301F-11D3-BF4B-00C04F79EFBC}") = "Codebelt.Extensions.BenchmarkDotNet.Runner", "tooling\Codebelt.Extensions.BenchmarkDotNet.Runner\Codebelt.Extensions.BenchmarkDotNet.Runner.csproj", "{28B11ADB-7AEE-4920-BD8A-73D844486087}"
EndProject
Project("{2150E333-8FDC-42A3-9474-1A3956D46DE8}") = "tuning", "tuning", "{FC51D601-926B-4425-96D9-46C32B5C528D}"
EndProject
Project("{FAE04EC0-301F-11D3-BF4B-00C04F79EFBC}") = "Codebelt.Extensions.BenchmarkDotNet.Benchmarks", "tuning\Codebelt.Extensions.BenchmarkDotNet.Benchmarks\Codebelt.Extensions.BenchmarkDotNet.Benchmarks.csproj", "{74B646AA-484C-4780-A15D-0F90DDC7B0DC}"
EndProject
Project("{FAE04EC0-301F-11D3-BF4B-00C04F79EFBC}") = "Codebelt.Extensions.BenchmarkDotNet.Tests", "test\Codebelt.Extensions.BenchmarkDotNet.Tests\Codebelt.Extensions.BenchmarkDotNet.Tests.csproj", "{14C806C0-046E-45F1-BCA4-744EEBF87B07}"
EndProject
Project("{FAE04EC0-301F-11D3-BF4B-00C04F79EFBC}") = "Codebelt.Extensions.BenchmarkDotNet.Console", "src\Codebelt.Extensions.BenchmarkDotNet.Console\Codebelt.Extensions.BenchmarkDotNet.Console.csproj", "{F1C4A673-F29E-B44F-9655-8E666FD1A520}"
EndProject
Project("{FAE04EC0-301F-11D3-BF4B-00C04F79EFBC}") = "Codebelt.Extensions.BenchmarkDotNet.Console.Tests", "test\Codebelt.Extensions.BenchmarkDotNet.Console.Tests\Codebelt.Extensions.BenchmarkDotNet.Console.Tests.csproj", "{20623AAB-3B2D-449F-918E-71125E22ECDA}"
EndProject
Global
	GlobalSection(SolutionConfigurationPlatforms) = preSolution
		Debug|Any CPU = Debug|Any CPU
		Release|Any CPU = Release|Any CPU
	EndGlobalSection
	GlobalSection(ProjectConfigurationPlatforms) = postSolution
		{A9DFF36B-1AD4-40EC-9394-C720C3DC785A}.Debug|Any CPU.ActiveCfg = Debug|Any CPU
		{A9DFF36B-1AD4-40EC-9394-C720C3DC785A}.Debug|Any CPU.Build.0 = Debug|Any CPU
		{A9DFF36B-1AD4-40EC-9394-C720C3DC785A}.Release|Any CPU.ActiveCfg = Release|Any CPU
		{A9DFF36B-1AD4-40EC-9394-C720C3DC785A}.Release|Any CPU.Build.0 = Release|Any CPU
		{28B11ADB-7AEE-4920-BD8A-73D844486087}.Debug|Any CPU.ActiveCfg = Debug|Any CPU
		{28B11ADB-7AEE-4920-BD8A-73D844486087}.Debug|Any CPU.Build.0 = Debug|Any CPU
		{28B11ADB-7AEE-4920-BD8A-73D844486087}.Release|Any CPU.ActiveCfg = Release|Any CPU
		{28B11ADB-7AEE-4920-BD8A-73D844486087}.Release|Any CPU.Build.0 = Release|Any CPU
		{74B646AA-484C-4780-A15D-0F90DDC7B0DC}.Debug|Any CPU.ActiveCfg = Debug|Any CPU
		{74B646AA-484C-4780-A15D-0F90DDC7B0DC}.Debug|Any CPU.Build.0 = Debug|Any CPU
		{74B646AA-484C-4780-A15D-0F90DDC7B0DC}.Release|Any CPU.ActiveCfg = Release|Any CPU
		{74B646AA-484C-4780-A15D-0F90DDC7B0DC}.Release|Any CPU.Build.0 = Release|Any CPU
		{14C806C0-046E-45F1-BCA4-744EEBF87B07}.Debug|Any CPU.ActiveCfg = Debug|Any CPU
		{14C806C0-046E-45F1-BCA4-744EEBF87B07}.Debug|Any CPU.Build.0 = Debug|Any CPU
		{14C806C0-046E-45F1-BCA4-744EEBF87B07}.Release|Any CPU.ActiveCfg = Release|Any CPU
		{14C806C0-046E-45F1-BCA4-744EEBF87B07}.Release|Any CPU.Build.0 = Release|Any CPU
		{F1C4A673-F29E-B44F-9655-8E666FD1A520}.Debug|Any CPU.ActiveCfg = Debug|Any CPU
		{F1C4A673-F29E-B44F-9655-8E666FD1A520}.Debug|Any CPU.Build.0 = Debug|Any CPU
		{F1C4A673-F29E-B44F-9655-8E666FD1A520}.Release|Any CPU.ActiveCfg = Release|Any CPU
		{F1C4A673-F29E-B44F-9655-8E666FD1A520}.Release|Any CPU.Build.0 = Release|Any CPU
		{20623AAB-3B2D-449F-918E-71125E22ECDA}.Debug|Any CPU.ActiveCfg = Debug|Any CPU
		{20623AAB-3B2D-449F-918E-71125E22ECDA}.Debug|Any CPU.Build.0 = Debug|Any CPU
		{20623AAB-3B2D-449F-918E-71125E22ECDA}.Release|Any CPU.ActiveCfg = Release|Any CPU
		{20623AAB-3B2D-449F-918E-71125E22ECDA}.Release|Any CPU.Build.0 = Release|Any CPU
	EndGlobalSection
	GlobalSection(SolutionProperties) = preSolution
		HideSolutionNode = FALSE
	EndGlobalSection
	GlobalSection(NestedProjects) = preSolution
		{A9DFF36B-1AD4-40EC-9394-C720C3DC785A} = {0070E83B-2DDD-4537-A83F-1CF8644F2880}
		{28B11ADB-7AEE-4920-BD8A-73D844486087} = {0A82E699-D3C7-4BC0-8E25-AE5279633227}
		{74B646AA-484C-4780-A15D-0F90DDC7B0DC} = {FC51D601-926B-4425-96D9-46C32B5C528D}
		{14C806C0-046E-45F1-BCA4-744EEBF87B07} = {A3C56B2E-55EE-44EC-876E-B03B8DDA3317}
		{F1C4A673-F29E-B44F-9655-8E666FD1A520} = {0070E83B-2DDD-4537-A83F-1CF8644F2880}
		{20623AAB-3B2D-449F-918E-71125E22ECDA} = {A3C56B2E-55EE-44EC-876E-B03B8DDA3317}
	EndGlobalSection
	GlobalSection(ExtensibilityGlobals) = postSolution
		SolutionGuid = {0CBE2805-F0FF-4D0F-902C-8B9277A5D3F2}
	EndGlobalSection
EndGlobal
